
Microsoft Visual Studio Solution File, Format Version 12.00
# Visual Studio Version 17
VisualStudioVersion = 17.6.33801.468
MinimumVisualStudioVersion = 10.0.40219.1
Project("{9A19103F-16F7-4668-BE54-9A1E7A4F7556}") = "SqlSensei.Core", "src\SqlSensei.Core\SqlSensei.Core.csproj", "{10235F11-A7C5-4D80-AE6C-39EBD03CCB4B}"
EndProject
Project("{9A19103F-16F7-4668-BE54-9A1E7A4F7556}") = "SqlSensei.SqlServer", "src\SqlSensei.SqlServer\SqlSensei.SqlServer.csproj", "{DD6F1DB9-D497-49C5-8818-0E6B9E1A3B9C}"
EndProject
Project("{2150E333-8FDC-42A3-9474-1A3956D46DE8}") = "Samples", "Samples", "{B6E93DAB-4DB0-499E-B7DE-A2382F92FF2F}"
EndProject
Project("{9A19103F-16F7-4668-BE54-9A1E7A4F7556}") = "SampleHangfireAndEndpointLogging", "src\Samples\WebApplication1\SampleHangfireAndEndpointLogging.csproj", "{D7EAE785-9733-4205-8644-0FE20092CC8F}"
EndProject
Project("{9A19103F-16F7-4668-BE54-9A1E7A4F7556}") = "SqlSensei.SqlServer.Hangfire", "src\SqlSensei.SqlServer.Hangfire\SqlSensei.SqlServer.Hangfire.csproj", "{6380C2EF-31CC-433D-9B5A-EBE09927C42A}"
EndProject
Project("{2150E333-8FDC-42A3-9474-1A3956D46DE8}") = "Core", "Core", "{D14E7B6B-5A82-4496-9FD0-C2758550EF46}"
EndProject
Project("{2150E333-8FDC-42A3-9474-1A3956D46DE8}") = "SqlServer", "SqlServer", "{353D4778-F07A-49C7-9357-894B742883EF}"
EndProject
Project("{9A19103F-16F7-4668-BE54-9A1E7A4F7556}") = "SqlSensei.SqlServer.EndpointLogger", "src\SqlSensei.Core.EndpointLogger\SqlSensei.SqlServer.EndpointLogger.csproj", "{FCBBB894-7D9A-451C-8400-3AB6CDD6B5A3}"
EndProject
Project("{FAE04EC0-301F-11D3-BF4B-00C04F79EFBC}") = "SqlSensei.Core.Tests", "src\SqlSensei.Core.Tests\SqlSensei.Core.Tests.csproj", "{C65A1FCB-E75E-43F5-A8E3-4015CCA4F198}"
EndProject
Global
	GlobalSection(SolutionConfigurationPlatforms) = preSolution
		Debug|Any CPU = Debug|Any CPU
		Release|Any CPU = Release|Any CPU
	EndGlobalSection
	GlobalSection(ProjectConfigurationPlatforms) = postSolution
		{10235F11-A7C5-4D80-AE6C-39EBD03CCB4B}.Debug|Any CPU.ActiveCfg = Debug|Any CPU
		{10235F11-A7C5-4D80-AE6C-39EBD03CCB4B}.Debug|Any CPU.Build.0 = Debug|Any CPU
		{10235F11-A7C5-4D80-AE6C-39EBD03CCB4B}.Release|Any CPU.ActiveCfg = Release|Any CPU
		{10235F11-A7C5-4D80-AE6C-39EBD03CCB4B}.Release|Any CPU.Build.0 = Release|Any CPU
		{DD6F1DB9-D497-49C5-8818-0E6B9E1A3B9C}.Debug|Any CPU.ActiveCfg = Debug|Any CPU
		{DD6F1DB9-D497-49C5-8818-0E6B9E1A3B9C}.Debug|Any CPU.Build.0 = Debug|Any CPU
		{DD6F1DB9-D497-49C5-8818-0E6B9E1A3B9C}.Release|Any CPU.ActiveCfg = Release|Any CPU
		{DD6F1DB9-D497-49C5-8818-0E6B9E1A3B9C}.Release|Any CPU.Build.0 = Release|Any CPU
		{D7EAE785-9733-4205-8644-0FE20092CC8F}.Debug|Any CPU.ActiveCfg = Debug|Any CPU
		{D7EAE785-9733-4205-8644-0FE20092CC8F}.Debug|Any CPU.Build.0 = Debug|Any CPU
		{D7EAE785-9733-4205-8644-0FE20092CC8F}.Release|Any CPU.ActiveCfg = Release|Any CPU
		{D7EAE785-9733-4205-8644-0FE20092CC8F}.Release|Any CPU.Build.0 = Release|Any CPU
		{6380C2EF-31CC-433D-9B5A-EBE09927C42A}.Debug|Any CPU.ActiveCfg = Debug|Any CPU
		{6380C2EF-31CC-433D-9B5A-EBE09927C42A}.Debug|Any CPU.Build.0 = Debug|Any CPU
		{6380C2EF-31CC-433D-9B5A-EBE09927C42A}.Release|Any CPU.ActiveCfg = Release|Any CPU
		{6380C2EF-31CC-433D-9B5A-EBE09927C42A}.Release|Any CPU.Build.0 = Release|Any CPU
		{FCBBB894-7D9A-451C-8400-3AB6CDD6B5A3}.Debug|Any CPU.ActiveCfg = Debug|Any CPU
		{FCBBB894-7D9A-451C-8400-3AB6CDD6B5A3}.Debug|Any CPU.Build.0 = Debug|Any CPU
		{FCBBB894-7D9A-451C-8400-3AB6CDD6B5A3}.Release|Any CPU.ActiveCfg = Release|Any CPU
		{FCBBB894-7D9A-451C-8400-3AB6CDD6B5A3}.Release|Any CPU.Build.0 = Release|Any CPU
		{C65A1FCB-E75E-43F5-A8E3-4015CCA4F198}.Debug|Any CPU.ActiveCfg = Debug|Any CPU
		{C65A1FCB-E75E-43F5-A8E3-4015CCA4F198}.Debug|Any CPU.Build.0 = Debug|Any CPU
		{C65A1FCB-E75E-43F5-A8E3-4015CCA4F198}.Release|Any CPU.ActiveCfg = Release|Any CPU
		{C65A1FCB-E75E-43F5-A8E3-4015CCA4F198}.Release|Any CPU.Build.0 = Release|Any CPU
	EndGlobalSection
	GlobalSection(SolutionProperties) = preSolution
		HideSolutionNode = FALSE
	EndGlobalSection
	GlobalSection(NestedProjects) = preSolution
		{10235F11-A7C5-4D80-AE6C-39EBD03CCB4B} = {D14E7B6B-5A82-4496-9FD0-C2758550EF46}
		{DD6F1DB9-D497-49C5-8818-0E6B9E1A3B9C} = {353D4778-F07A-49C7-9357-894B742883EF}
		{D7EAE785-9733-4205-8644-0FE20092CC8F} = {B6E93DAB-4DB0-499E-B7DE-A2382F92FF2F}
		{6380C2EF-31CC-433D-9B5A-EBE09927C42A} = {353D4778-F07A-49C7-9357-894B742883EF}
		{FCBBB894-7D9A-451C-8400-3AB6CDD6B5A3} = {353D4778-F07A-49C7-9357-894B742883EF}
		{C65A1FCB-E75E-43F5-A8E3-4015CCA4F198} = {D14E7B6B-5A82-4496-9FD0-C2758550EF46}
	EndGlobalSection
	GlobalSection(ExtensibilityGlobals) = postSolution
		SolutionGuid = {A496CBEA-217A-4BDF-911C-34E5E02188F6}
	EndGlobalSection
EndGlobal
