
Microsoft Visual Studio Solution File, Format Version 12.00
# Visual Studio Version 17
VisualStudioVersion = 17.6.33801.468
MinimumVisualStudioVersion = 10.0.40219.1
Project("{9A19103F-16F7-4668-BE54-9A1E7A4F7556}") = "SqlSensei.Core", "src\SqlSensei.Core\SqlSensei.Core.csproj", "{10235F11-A7C5-4D80-AE6C-39EBD03CCB4B}"
EndProject
Project("{9A19103F-16F7-4668-BE54-9A1E7A4F7556}") = "SqlSensei.SqlServer", "src\SqlSensei.SqlServer\SqlSensei.SqlServer.csproj", "{DD6F1DB9-D497-49C5-8818-0E6B9E1A3B9C}"
EndProject
Project("{2150E333-8FDC-42A3-9474-1A3956D46DE8}") = "Core", "Core", "{D14E7B6B-5A82-4496-9FD0-C2758550EF46}"
EndProject
Project("{2150E333-8FDC-42A3-9474-1A3956D46DE8}") = "SqlServer", "SqlServer", "{353D4778-F07A-49C7-9357-894B742883EF}"
EndProject
Project("{2150E333-8FDC-42A3-9474-1A3956D46DE8}") = "API", "API", "{16E0B732-C89F-4EA8-8E33-005A550AA489}"
EndProject
Project("{FAE04EC0-301F-11D3-BF4B-00C04F79EFBC}") = "SqlSensei.Api", "src\SqlSensei.Api\SqlSensei.Api.csproj", "{FA3BAD31-A89A-4DD0-A533-A1E078211348}"
EndProject
Project("{00D1A9C2-B5F0-4AF3-8072-F6C62B433612}") = "SqlSensei.Database", "src\SqlSensei.Database\SqlSensei.Database.sqlproj", "{E474F857-0028-4404-9C69-73EA3345DC91}"
EndProject
Global
	GlobalSection(SolutionConfigurationPlatforms) = preSolution
		Debug|Any CPU = Debug|Any CPU
		Release|Any CPU = Release|Any CPU
	EndGlobalSection
	GlobalSection(ProjectConfigurationPlatforms) = postSolution
		{10235F11-A7C5-4D80-AE6C-39EBD03CCB4B}.Debug|Any CPU.ActiveCfg = Debug|Any CPU
		{10235F11-A7C5-4D80-AE6C-39EBD03CCB4B}.Debug|Any CPU.Build.0 = Debug|Any CPU
		{10235F11-A7C5-4D80-AE6C-39EBD03CCB4B}.Release|Any CPU.ActiveCfg = Release|Any CPU
		{10235F11-A7C5-4D80-AE6C-39EBD03CCB4B}.Release|Any CPU.Build.0 = Release|Any CPU
		{DD6F1DB9-D497-49C5-8818-0E6B9E1A3B9C}.Debug|Any CPU.ActiveCfg = Debug|Any CPU
		{DD6F1DB9-D497-49C5-8818-0E6B9E1A3B9C}.Debug|Any CPU.Build.0 = Debug|Any CPU
		{DD6F1DB9-D497-49C5-8818-0E6B9E1A3B9C}.Release|Any CPU.ActiveCfg = Release|Any CPU
		{DD6F1DB9-D497-49C5-8818-0E6B9E1A3B9C}.Release|Any CPU.Build.0 = Release|Any CPU
		{FA3BAD31-A89A-4DD0-A533-A1E078211348}.Debug|Any CPU.ActiveCfg = Debug|Any CPU
		{FA3BAD31-A89A-4DD0-A533-A1E078211348}.Debug|Any CPU.Build.0 = Debug|Any CPU
		{FA3BAD31-A89A-4DD0-A533-A1E078211348}.Release|Any CPU.ActiveCfg = Release|Any CPU
		{FA3BAD31-A89A-4DD0-A533-A1E078211348}.Release|Any CPU.Build.0 = Release|Any CPU
		{E474F857-0028-4404-9C69-73EA3345DC91}.Debug|Any CPU.ActiveCfg = Debug|Any CPU
		{E474F857-0028-4404-9C69-73EA3345DC91}.Debug|Any CPU.Build.0 = Debug|Any CPU
		{E474F857-0028-4404-9C69-73EA3345DC91}.Debug|Any CPU.Deploy.0 = Debug|Any CPU
		{E474F857-0028-4404-9C69-73EA3345DC91}.Release|Any CPU.ActiveCfg = Release|Any CPU
		{E474F857-0028-4404-9C69-73EA3345DC91}.Release|Any CPU.Build.0 = Release|Any CPU
		{E474F857-0028-4404-9C69-73EA3345DC91}.Release|Any CPU.Deploy.0 = Release|Any CPU
	EndGlobalSection
	GlobalSection(SolutionProperties) = preSolution
		HideSolutionNode = FALSE
	EndGlobalSection
	GlobalSection(NestedProjects) = preSolution
		{10235F11-A7C5-4D80-AE6C-39EBD03CCB4B} = {D14E7B6B-5A82-4496-9FD0-C2758550EF46}
		{DD6F1DB9-D497-49C5-8818-0E6B9E1A3B9C} = {353D4778-F07A-49C7-9357-894B742883EF}
		{FA3BAD31-A89A-4DD0-A533-A1E078211348} = {16E0B732-C89F-4EA8-8E33-005A550AA489}
		{E474F857-0028-4404-9C69-73EA3345DC91} = {16E0B732-C89F-4EA8-8E33-005A550AA489}
	EndGlobalSection
	GlobalSection(ExtensibilityGlobals) = postSolution
		SolutionGuid = {A496CBEA-217A-4BDF-911C-34E5E02188F6}
	EndGlobalSection
EndGlobal
